<?xml version="1.0" encoding="UTF-8"?>
<Scheme
   LastUpgradeVersion = "1430"
   version = "1.7">
   <BuildAction
      parallelizeBuildables = "YES"
      buildImplicitDependencies = "YES"
      runPostActionsOnFailure = "NO">
      <BuildActionEntries>
         <BuildActionEntry
            buildForTesting = "YES"
            buildForRunning = "YES"
            buildForProfiling = "YES"
            buildForArchiving = "YES"
            buildForAnalyzing = "YES">
            <BuildableReference
               BuildableIdentifier = "primary"
               BlueprintIdentifier = "A711404CC35F3196A1FBF416"
               BuildableName = "BrowsemiumApp.app"
               BlueprintName = "BrowsemiumApp"
               ReferencedContainer = "container:Browsemium.xcodeproj">
            </BuildableReference>
         </BuildActionEntry>
         <BuildActionEntry
            buildForTesting = "YES"
            buildForRunning = "NO"
            buildForProfiling = "NO"
            buildForArchiving = "NO"
            buildForAnalyzing = "NO">
            <BuildableReference
               BuildableIdentifier = "primary"
               BlueprintIdentifier = "81094A7C1EDC6E7A3CBE9A2E"
               BuildableName = "BrowsemiumCoreTests.xctest"
               BlueprintName = "BrowsemiumCoreTests"
               ReferencedContainer = "container:Browsemium.xcodeproj">
            </BuildableReference>
         </BuildActionEntry>
         <BuildActionEntry
            buildForTesting = "YES"
            buildForRunning = "NO"
            buildForProfiling = "NO"
            buildForArchiving = "NO"
            buildForAnalyzing = "NO">
            <BuildableReference
               BuildableIdentifier = "primary"
               BlueprintIdentifier = "CB8B00976A184F02536F6884"
               BuildableName = "BrowsemiumDataTests.xctest"
               BlueprintName = "BrowsemiumDataTests"
               ReferencedContainer = "container:Browsemium.xcodeproj">
            </BuildableReference>
         </BuildActionEntry>
         <BuildActionEntry
            buildForTesting = "YES"
            buildForRunning = "NO"
            buildForProfiling = "NO"
            buildForArchiving = "NO"
            buildForAnalyzing = "NO">
            <BuildableReference
               BuildableIdentifier = "primary"
               BlueprintIdentifier = "A38616B00B1E5A95DECAD093"
               BuildableName = "BrowsemiumEngineTests.xctest"
               BlueprintName = "BrowsemiumEngineTests"
               ReferencedContainer = "container:Browsemium.xcodeproj">
            </BuildableReference>
         </BuildActionEntry>
         <BuildActionEntry
            buildForTesting = "YES"
            buildForRunning = "NO"
            buildForProfiling = "NO"
            buildForArchiving = "NO"
            buildForAnalyzing = "NO">
            <BuildableReference
               BuildableIdentifier = "primary"
               BlueprintIdentifier = "05D15E2A34CD45E8147CAE0B"
               BuildableName = "BrowsemiumUITests.xctest"
               BlueprintName = "BrowsemiumUITests"
               ReferencedContainer = "container:Browsemium.xcodeproj">
            </BuildableReference>
         </BuildActionEntry>
      </BuildActionEntries>
   </BuildAction>
   <TestAction
      buildConfiguration = "Debug"
      selectedDebuggerIdentifier = "Xcode.DebuggerFoundation.Debugger.LLDB"
      selectedLauncherIdentifier = "Xcode.DebuggerFoundation.Launcher.LLDB"
      shouldUseLaunchSchemeArgsEnv = "YES"
      codeCoverageEnabled = "YES"
      onlyGenerateCoverageForSpecifiedTargets = "NO">
      <MacroExpansion>
         <BuildableReference
            BuildableIdentifier = "primary"
            BlueprintIdentifier = "A711404CC35F3196A1FBF416"
            BuildableName = "BrowsemiumApp.app"
            BlueprintName = "BrowsemiumApp"
            ReferencedContainer = "container:Browsemium.xcodeproj">
         </BuildableReference>
      </MacroExpansion>
      <Testables>
         <TestableReference
            skipped = "NO"
            parallelizable = "NO">
            <BuildableReference
               BuildableIdentifier = "primary"
               BlueprintIdentifier = "81094A7C1EDC6E7A3CBE9A2E"
               BuildableName = "BrowsemiumCoreTests.xctest"
               BlueprintName = "BrowsemiumCoreTests"
               ReferencedContainer = "container:Browsemium.xcodeproj">
            </BuildableReference>
         </TestableReference>
         <TestableReference
            skipped = "NO"
            parallelizable = "NO">
            <BuildableReference
               BuildableIdentifier = "primary"
               BlueprintIdentifier = "A38616B00B1E5A95DECAD093"
               BuildableName = "BrowsemiumEngineTests.xctest"
               BlueprintName = "BrowsemiumEngineTests"
               ReferencedContainer = "container:Browsemium.xcodeproj">
            </BuildableReference>
         </TestableReference>
         <TestableReference
            skipped = "NO"
            parallelizable = "NO">
            <BuildableReference
               BuildableIdentifier = "primary"
               BlueprintIdentifier = "CB8B00976A184F02536F6884"
               BuildableName = "BrowsemiumDataTests.xctest"
               BlueprintName = "BrowsemiumDataTests"
               ReferencedContainer = "container:Browsemium.xcodeproj">
            </BuildableReference>
         </TestableReference>
         <TestableReference
            skipped = "NO"
            parallelizable = "NO">
            <BuildableReference
               BuildableIdentifier = "primary"
               BlueprintIdentifier = "05D15E2A34CD45E8147CAE0B"
               BuildableName = "BrowsemiumUITests.xctest"
               BlueprintName = "BrowsemiumUITests"
               ReferencedContainer = "container:Browsemium.xcodeproj">
            </BuildableReference>
         </TestableReference>
      </Testables>
      <CommandLineArguments>
      </CommandLineArguments>
   </TestAction>
   <LaunchAction
      buildConfiguration = "Debug"
      selectedDebuggerIdentifier = "Xcode.DebuggerFoundation.Debugger.LLDB"
      selectedLauncherIdentifier = "Xcode.DebuggerFoundation.Launcher.LLDB"
      launchStyle = "0"
      useCustomWorkingDirectory = "NO"
      ignoresPersistentStateOnLaunch = "NO"
      debugDocumentVersioning = "YES"
      debugServiceExtension = "internal"
      allowLocationSimulation = "YES">
      <BuildableProductRunnable
         runnableDebuggingMode = "0">
         <BuildableReference
            BuildableIdentifier = "primary"
            BlueprintIdentifier = "A711404CC35F3196A1FBF416"
            BuildableName = "BrowsemiumApp.app"
            BlueprintName = "BrowsemiumApp"
            ReferencedContainer = "container:Browsemium.xcodeproj">
         </BuildableReference>
      </BuildableProductRunnable>
      <CommandLineArguments>
      </CommandLineArguments>
   </LaunchAction>
   <ProfileAction
      buildConfiguration = "Release"
      shouldUseLaunchSchemeArgsEnv = "YES"
      savedToolIdentifier = ""
      useCustomWorkingDirectory = "NO"
      debugDocumentVersioning = "YES">
      <BuildableProductRunnable
         runnableDebuggingMode = "0">
         <BuildableReference
            BuildableIdentifier = "primary"
            BlueprintIdentifier = "A711404CC35F3196A1FBF416"
            BuildableName = "BrowsemiumApp.app"
            BlueprintName = "BrowsemiumApp"
            ReferencedContainer = "container:Browsemium.xcodeproj">
         </BuildableReference>
      </BuildableProductRunnable>
   </ProfileAction>
   <AnalyzeAction
      buildConfiguration = "Debug">
   </AnalyzeAction>
   <ArchiveAction
      buildConfiguration = "Release"
      revealArchiveInOrganizer = "YES">
   </ArchiveAction>
</Scheme>
